
Microsoft Visual Studio Solution File, Format Version 12.00
# Visual Studio Version 17
VisualStudioVersion = 17.3.32804.467
MinimumVisualStudioVersion = 10.0.40219.1
Project("{9A19103F-16F7-4668-BE54-9A1E7A4F7556}") = "Ejercicio1", "Ejercicio1\Ejercicio1.csproj", "{4C6AC913-01EA-434B-AEDA-492765B74A23}"
EndProject
Project("{9A19103F-16F7-4668-BE54-9A1E7A4F7556}") = "Ejercicio2", "Ejercicio2\Ejercicio2.csproj", "{FEB735AE-65DB-47EA-83A5-09BFD8067A43}"
EndProject
Project("{9A19103F-16F7-4668-BE54-9A1E7A4F7556}") = "EjercicioA01", "EjercicioA01\EjercicioA01.csproj", "{D0E85DC8-E914-433A-8CD4-091FC7588D81}"
EndProject
Project("{9A19103F-16F7-4668-BE54-9A1E7A4F7556}") = "EjercicioA02", "EjercicioA02\EjercicioA02.csproj", "{89A7514F-DA0B-45E1-A0E6-3B9194442140}"
EndProject
Project("{9A19103F-16F7-4668-BE54-9A1E7A4F7556}") = "EjercicioA03", "EjercicioA03\EjercicioA03.csproj", "{20EA0430-5680-4C15-8684-7BD7CF26B7DA}"
EndProject
Project("{9A19103F-16F7-4668-BE54-9A1E7A4F7556}") = "Ejercicios", "EjercicioA04\Ejercicios.csproj", "{360FB0C7-BA06-4DEB-877B-C7591CC57B49}"
EndProject
Project("{9A19103F-16F7-4668-BE54-9A1E7A4F7556}") = "Clase2", "Clase2\Clase2.csproj", "{9291206F-A763-48BB-97CB-BFBE5A905A64}"
EndProject
Project("{9A19103F-16F7-4668-BE54-9A1E7A4F7556}") = "Clase3", "Clase3\Clase3.csproj", "{C3BC76AD-9C83-41E5-850C-68EA4C3F0195}"
EndProject
Project("{9A19103F-16F7-4668-BE54-9A1E7A4F7556}") = "Biblioteca", "Biblioteca\Biblioteca.csproj", "{807BE330-3E77-4AC1-9A38-6581651F34BC}"
EndProject
Project("{9A19103F-16F7-4668-BE54-9A1E7A4F7556}") = "Clase4", "Clase4\Clase4.csproj", "{9BD3048E-A86C-41C4-A6E2-B89E44CA50C2}"
EndProject
Project("{9A19103F-16F7-4668-BE54-9A1E7A4F7556}") = "BibliotecaContizador", "BibliotecaContizador\BibliotecaContizador.csproj", "{C356299F-A4BF-4DEF-9FE5-94BC8BCC0865}"
EndProject
Project("{9A19103F-16F7-4668-BE54-9A1E7A4F7556}") = "Form01", "Form01\Form01.csproj", "{74918C0D-C53D-4743-9CB2-4C25DE3C8C93}"
EndProject
Project("{9A19103F-16F7-4668-BE54-9A1E7A4F7556}") = "Form02", "Form02\Form02.csproj", "{2735829F-4297-4F71-A159-2F0BAF57D178}"
EndProject
Project("{9A19103F-16F7-4668-BE54-9A1E7A4F7556}") = "Form03", "Form03\Form03.csproj", "{EED8EA1E-F21E-4007-9FCB-B3A86B0EC3A2}"
EndProject
Project("{9A19103F-16F7-4668-BE54-9A1E7A4F7556}") = "Form04", "Form04\Form04.csproj", "{C8050FAA-49A7-4619-ADEC-2DA277AAB66B}"
EndProject
Project("{9A19103F-16F7-4668-BE54-9A1E7A4F7556}") = "Clase6", "Clase5\Clase6.csproj", "{4F2EFF07-66B8-45C0-9997-75FEA9B0B15A}"
EndProject
Project("{9A19103F-16F7-4668-BE54-9A1E7A4F7556}") = "EjercicioI03WformClase6", "EjercicioI03WformClase6\EjercicioI03WformClase6.csproj", "{10E9DC15-0E0D-43F2-8B12-E4EBF32FACC7}"
EndProject
Project("{9A19103F-16F7-4668-BE54-9A1E7A4F7556}") = "I01-PuestoAtencion", "I01-PuestoAtencion\I01-PuestoAtencion.csproj", "{6BFD0ED9-B1A3-4D5A-BF55-3F70530F964A}"
EndProject
Project("{9A19103F-16F7-4668-BE54-9A1E7A4F7556}") = "I01-PuestoAtencion(Console)", "I01-PuestoAtencion(Console)\I01-PuestoAtencion(Console).csproj", "{89CA22A1-38E3-4366-967D-FC169A41204E}"
EndProject
Project("{9A19103F-16F7-4668-BE54-9A1E7A4F7556}") = "Libro", "Libro\Libro.csproj", "{AA0525DF-12ED-47D1-B532-5096570CEABB}"
EndProject
Project("{FAE04EC0-301F-11D3-BF4B-00C04F79EFBC}") = "Libro(Console)", "Libro(Console)\Libro(Console).csproj", "{56DD342E-2028-4919-BF74-33AD2CEF933C}"
EndProject
Global
	GlobalSection(SolutionConfigurationPlatforms) = preSolution
		Debug|Any CPU = Debug|Any CPU
		Release|Any CPU = Release|Any CPU
	EndGlobalSection
	GlobalSection(ProjectConfigurationPlatforms) = postSolution
		{4C6AC913-01EA-434B-AEDA-492765B74A23}.Debug|Any CPU.ActiveCfg = Debug|Any CPU
		{4C6AC913-01EA-434B-AEDA-492765B74A23}.Debug|Any CPU.Build.0 = Debug|Any CPU
		{4C6AC913-01EA-434B-AEDA-492765B74A23}.Release|Any CPU.ActiveCfg = Release|Any CPU
		{4C6AC913-01EA-434B-AEDA-492765B74A23}.Release|Any CPU.Build.0 = Release|Any CPU
		{FEB735AE-65DB-47EA-83A5-09BFD8067A43}.Debug|Any CPU.ActiveCfg = Debug|Any CPU
		{FEB735AE-65DB-47EA-83A5-09BFD8067A43}.Debug|Any CPU.Build.0 = Debug|Any CPU
		{FEB735AE-65DB-47EA-83A5-09BFD8067A43}.Release|Any CPU.ActiveCfg = Release|Any CPU
		{FEB735AE-65DB-47EA-83A5-09BFD8067A43}.Release|Any CPU.Build.0 = Release|Any CPU
		{D0E85DC8-E914-433A-8CD4-091FC7588D81}.Debug|Any CPU.ActiveCfg = Debug|Any CPU
		{D0E85DC8-E914-433A-8CD4-091FC7588D81}.Debug|Any CPU.Build.0 = Debug|Any CPU
		{D0E85DC8-E914-433A-8CD4-091FC7588D81}.Release|Any CPU.ActiveCfg = Release|Any CPU
		{D0E85DC8-E914-433A-8CD4-091FC7588D81}.Release|Any CPU.Build.0 = Release|Any CPU
		{89A7514F-DA0B-45E1-A0E6-3B9194442140}.Debug|Any CPU.ActiveCfg = Debug|Any CPU
		{89A7514F-DA0B-45E1-A0E6-3B9194442140}.Debug|Any CPU.Build.0 = Debug|Any CPU
		{89A7514F-DA0B-45E1-A0E6-3B9194442140}.Release|Any CPU.ActiveCfg = Release|Any CPU
		{89A7514F-DA0B-45E1-A0E6-3B9194442140}.Release|Any CPU.Build.0 = Release|Any CPU
		{20EA0430-5680-4C15-8684-7BD7CF26B7DA}.Debug|Any CPU.ActiveCfg = Debug|Any CPU
		{20EA0430-5680-4C15-8684-7BD7CF26B7DA}.Debug|Any CPU.Build.0 = Debug|Any CPU
		{20EA0430-5680-4C15-8684-7BD7CF26B7DA}.Release|Any CPU.ActiveCfg = Release|Any CPU
		{20EA0430-5680-4C15-8684-7BD7CF26B7DA}.Release|Any CPU.Build.0 = Release|Any CPU
		{360FB0C7-BA06-4DEB-877B-C7591CC57B49}.Debug|Any CPU.ActiveCfg = Debug|Any CPU
		{360FB0C7-BA06-4DEB-877B-C7591CC57B49}.Debug|Any CPU.Build.0 = Debug|Any CPU
		{360FB0C7-BA06-4DEB-877B-C7591CC57B49}.Release|Any CPU.ActiveCfg = Release|Any CPU
		{360FB0C7-BA06-4DEB-877B-C7591CC57B49}.Release|Any CPU.Build.0 = Release|Any CPU
		{9291206F-A763-48BB-97CB-BFBE5A905A64}.Debug|Any CPU.ActiveCfg = Debug|Any CPU
		{9291206F-A763-48BB-97CB-BFBE5A905A64}.Debug|Any CPU.Build.0 = Debug|Any CPU
		{9291206F-A763-48BB-97CB-BFBE5A905A64}.Release|Any CPU.ActiveCfg = Release|Any CPU
		{9291206F-A763-48BB-97CB-BFBE5A905A64}.Release|Any CPU.Build.0 = Release|Any CPU
		{C3BC76AD-9C83-41E5-850C-68EA4C3F0195}.Debug|Any CPU.ActiveCfg = Debug|Any CPU
		{C3BC76AD-9C83-41E5-850C-68EA4C3F0195}.Debug|Any CPU.Build.0 = Debug|Any CPU
		{C3BC76AD-9C83-41E5-850C-68EA4C3F0195}.Release|Any CPU.ActiveCfg = Release|Any CPU
		{C3BC76AD-9C83-41E5-850C-68EA4C3F0195}.Release|Any CPU.Build.0 = Release|Any CPU
		{807BE330-3E77-4AC1-9A38-6581651F34BC}.Debug|Any CPU.ActiveCfg = Debug|Any CPU
		{807BE330-3E77-4AC1-9A38-6581651F34BC}.Debug|Any CPU.Build.0 = Debug|Any CPU
		{807BE330-3E77-4AC1-9A38-6581651F34BC}.Release|Any CPU.ActiveCfg = Release|Any CPU
		{807BE330-3E77-4AC1-9A38-6581651F34BC}.Release|Any CPU.Build.0 = Release|Any CPU
		{9BD3048E-A86C-41C4-A6E2-B89E44CA50C2}.Debug|Any CPU.ActiveCfg = Debug|Any CPU
		{9BD3048E-A86C-41C4-A6E2-B89E44CA50C2}.Debug|Any CPU.Build.0 = Debug|Any CPU
		{9BD3048E-A86C-41C4-A6E2-B89E44CA50C2}.Release|Any CPU.ActiveCfg = Release|Any CPU
		{9BD3048E-A86C-41C4-A6E2-B89E44CA50C2}.Release|Any CPU.Build.0 = Release|Any CPU
		{C356299F-A4BF-4DEF-9FE5-94BC8BCC0865}.Debug|Any CPU.ActiveCfg = Debug|Any CPU
		{C356299F-A4BF-4DEF-9FE5-94BC8BCC0865}.Debug|Any CPU.Build.0 = Debug|Any CPU
		{C356299F-A4BF-4DEF-9FE5-94BC8BCC0865}.Release|Any CPU.ActiveCfg = Release|Any CPU
		{C356299F-A4BF-4DEF-9FE5-94BC8BCC0865}.Release|Any CPU.Build.0 = Release|Any CPU
		{74918C0D-C53D-4743-9CB2-4C25DE3C8C93}.Debug|Any CPU.ActiveCfg = Debug|Any CPU
		{74918C0D-C53D-4743-9CB2-4C25DE3C8C93}.Debug|Any CPU.Build.0 = Debug|Any CPU
		{74918C0D-C53D-4743-9CB2-4C25DE3C8C93}.Release|Any CPU.ActiveCfg = Release|Any CPU
		{74918C0D-C53D-4743-9CB2-4C25DE3C8C93}.Release|Any CPU.Build.0 = Release|Any CPU
		{2735829F-4297-4F71-A159-2F0BAF57D178}.Debug|Any CPU.ActiveCfg = Debug|Any CPU
		{2735829F-4297-4F71-A159-2F0BAF57D178}.Debug|Any CPU.Build.0 = Debug|Any CPU
		{2735829F-4297-4F71-A159-2F0BAF57D178}.Release|Any CPU.ActiveCfg = Release|Any CPU
		{2735829F-4297-4F71-A159-2F0BAF57D178}.Release|Any CPU.Build.0 = Release|Any CPU
		{EED8EA1E-F21E-4007-9FCB-B3A86B0EC3A2}.Debug|Any CPU.ActiveCfg = Debug|Any CPU
		{EED8EA1E-F21E-4007-9FCB-B3A86B0EC3A2}.Debug|Any CPU.Build.0 = Debug|Any CPU
		{EED8EA1E-F21E-4007-9FCB-B3A86B0EC3A2}.Release|Any CPU.ActiveCfg = Release|Any CPU
		{EED8EA1E-F21E-4007-9FCB-B3A86B0EC3A2}.Release|Any CPU.Build.0 = Release|Any CPU
		{C8050FAA-49A7-4619-ADEC-2DA277AAB66B}.Debug|Any CPU.ActiveCfg = Debug|Any CPU
		{C8050FAA-49A7-4619-ADEC-2DA277AAB66B}.Debug|Any CPU.Build.0 = Debug|Any CPU
		{C8050FAA-49A7-4619-ADEC-2DA277AAB66B}.Release|Any CPU.ActiveCfg = Release|Any CPU
		{C8050FAA-49A7-4619-ADEC-2DA277AAB66B}.Release|Any CPU.Build.0 = Release|Any CPU
		{4F2EFF07-66B8-45C0-9997-75FEA9B0B15A}.Debug|Any CPU.ActiveCfg = Debug|Any CPU
		{4F2EFF07-66B8-45C0-9997-75FEA9B0B15A}.Debug|Any CPU.Build.0 = Debug|Any CPU
		{4F2EFF07-66B8-45C0-9997-75FEA9B0B15A}.Release|Any CPU.ActiveCfg = Release|Any CPU
		{4F2EFF07-66B8-45C0-9997-75FEA9B0B15A}.Release|Any CPU.Build.0 = Release|Any CPU
		{10E9DC15-0E0D-43F2-8B12-E4EBF32FACC7}.Debug|Any CPU.ActiveCfg = Debug|Any CPU
		{10E9DC15-0E0D-43F2-8B12-E4EBF32FACC7}.Debug|Any CPU.Build.0 = Debug|Any CPU
		{10E9DC15-0E0D-43F2-8B12-E4EBF32FACC7}.Release|Any CPU.ActiveCfg = Release|Any CPU
		{10E9DC15-0E0D-43F2-8B12-E4EBF32FACC7}.Release|Any CPU.Build.0 = Release|Any CPU
		{6BFD0ED9-B1A3-4D5A-BF55-3F70530F964A}.Debug|Any CPU.ActiveCfg = Debug|Any CPU
		{6BFD0ED9-B1A3-4D5A-BF55-3F70530F964A}.Debug|Any CPU.Build.0 = Debug|Any CPU
		{6BFD0ED9-B1A3-4D5A-BF55-3F70530F964A}.Release|Any CPU.ActiveCfg = Release|Any CPU
		{6BFD0ED9-B1A3-4D5A-BF55-3F70530F964A}.Release|Any CPU.Build.0 = Release|Any CPU
		{89CA22A1-38E3-4366-967D-FC169A41204E}.Debug|Any CPU.ActiveCfg = Debug|Any CPU
		{89CA22A1-38E3-4366-967D-FC169A41204E}.Debug|Any CPU.Build.0 = Debug|Any CPU
		{89CA22A1-38E3-4366-967D-FC169A41204E}.Release|Any CPU.ActiveCfg = Release|Any CPU
		{89CA22A1-38E3-4366-967D-FC169A41204E}.Release|Any CPU.Build.0 = Release|Any CPU
		{AA0525DF-12ED-47D1-B532-5096570CEABB}.Debug|Any CPU.ActiveCfg = Debug|Any CPU
		{AA0525DF-12ED-47D1-B532-5096570CEABB}.Debug|Any CPU.Build.0 = Debug|Any CPU
		{AA0525DF-12ED-47D1-B532-5096570CEABB}.Release|Any CPU.ActiveCfg = Release|Any CPU
		{AA0525DF-12ED-47D1-B532-5096570CEABB}.Release|Any CPU.Build.0 = Release|Any CPU
		{56DD342E-2028-4919-BF74-33AD2CEF933C}.Debug|Any CPU.ActiveCfg = Debug|Any CPU
		{56DD342E-2028-4919-BF74-33AD2CEF933C}.Debug|Any CPU.Build.0 = Debug|Any CPU
		{56DD342E-2028-4919-BF74-33AD2CEF933C}.Release|Any CPU.ActiveCfg = Release|Any CPU
		{56DD342E-2028-4919-BF74-33AD2CEF933C}.Release|Any CPU.Build.0 = Release|Any CPU
	EndGlobalSection
	GlobalSection(SolutionProperties) = preSolution
		HideSolutionNode = FALSE
	EndGlobalSection
	GlobalSection(ExtensibilityGlobals) = postSolution
		SolutionGuid = {8B7E7324-CC2F-4EBD-9800-1EB485207024}
	EndGlobalSection
EndGlobal
